
Microsoft Visual Studio Solution File, Format Version 12.00
# Visual Studio Version 17
VisualStudioVersion = 17.14.36327.8 d17.14
MinimumVisualStudioVersion = 10.0.40219.1
Project("{FAE04EC0-301F-11D3-BF4B-00C04F79EFBC}") = "HiraJewelryWeb", "HiraJewelryWeb.csproj", "{B5BC26EB-06EB-4902-A2DC-E719A5E183BB}"
EndProject
Global
	GlobalSection(SolutionConfigurationPlatforms) = preSolution
		Debug|Any CPU = Debug|Any CPU
		Release|Any CPU = Release|Any CPU
	EndGlobalSection
	GlobalSection(ProjectConfigurationPlatforms) = postSolution
		{B5BC26EB-06EB-4902-A2DC-E719A5E183BB}.Debug|Any CPU.ActiveCfg = Debug|Any CPU
		{B5BC26EB-06EB-4902-A2DC-E719A5E183BB}.Debug|Any CPU.Build.0 = Debug|Any CPU
		{B5BC26EB-06EB-4902-A2DC-E719A5E183BB}.Release|Any CPU.ActiveCfg = Release|Any CPU
		{B5BC26EB-06EB-4902-A2DC-E719A5E183BB}.Release|Any CPU.Build.0 = Release|Any CPU
	EndGlobalSection
	GlobalSection(SolutionProperties) = preSolution
		HideSolutionNode = FALSE
	EndGlobalSection
	GlobalSection(ExtensibilityGlobals) = postSolution
		SolutionGuid = {61F96C7D-1A9B-4318-8392-225F1DB7DB84}
	EndGlobalSection
EndGlobal
